
Microsoft Visual Studio Solution File, Format Version 12.00
# Visual Studio Version 17
VisualStudioVersion = 17.8.34330.188
MinimumVisualStudioVersion = 10.0.40219.1
Project("{FAE04EC0-301F-11D3-BF4B-00C04F79EFBC}") = "lab7", "lab7\lab7.csproj", "{6088E422-61F2-4474-A455-804B3A83922B}"
EndProject
Global
	GlobalSection(SolutionConfigurationPlatforms) = preSolution
		Debug|Any CPU = Debug|Any CPU
		Release|Any CPU = Release|Any CPU
	EndGlobalSection
	GlobalSection(ProjectConfigurationPlatforms) = postSolution
		{6088E422-61F2-4474-A455-804B3A83922B}.Debug|Any CPU.ActiveCfg = Debug|Any CPU
		{6088E422-61F2-4474-A455-804B3A83922B}.Debug|Any CPU.Build.0 = Debug|Any CPU
		{6088E422-61F2-4474-A455-804B3A83922B}.Release|Any CPU.ActiveCfg = Release|Any CPU
		{6088E422-61F2-4474-A455-804B3A83922B}.Release|Any CPU.Build.0 = Release|Any CPU
	EndGlobalSection
	GlobalSection(SolutionProperties) = preSolution
		HideSolutionNode = FALSE
	EndGlobalSection
	GlobalSection(ExtensibilityGlobals) = postSolution
		SolutionGuid = {4D6724D6-03FE-47CA-90D0-C1DEF70970CB}
	EndGlobalSection
EndGlobal
